
Microsoft Visual Studio Solution File, Format Version 12.00
# Visual Studio Version 17
VisualStudioVersion = 17.5.002.0
MinimumVisualStudioVersion = 10.0.40219.1
Project("{9A19103F-16F7-4668-BE54-9A1E7A4F7556}") = "P2Pc", "P2Pc.csproj", "{F7B53A7C-3AD1-4B1F-A1B8-04DE6FA69134}"
EndProject
Global
	GlobalSection(SolutionConfigurationPlatforms) = preSolution
		Debug|Any CPU = Debug|Any CPU
		Release|Any CPU = Release|Any CPU
	EndGlobalSection
	GlobalSection(ProjectConfigurationPlatforms) = postSolution
		{F7B53A7C-3AD1-4B1F-A1B8-04DE6FA69134}.Debug|Any CPU.ActiveCfg = Debug|Any CPU
		{F7B53A7C-3AD1-4B1F-A1B8-04DE6FA69134}.Debug|Any CPU.Build.0 = Debug|Any CPU
		{F7B53A7C-3AD1-4B1F-A1B8-04DE6FA69134}.Release|Any CPU.ActiveCfg = Release|Any CPU
		{F7B53A7C-3AD1-4B1F-A1B8-04DE6FA69134}.Release|Any CPU.Build.0 = Release|Any CPU
	EndGlobalSection
	GlobalSection(SolutionProperties) = preSolution
		HideSolutionNode = FALSE
	EndGlobalSection
	GlobalSection(ExtensibilityGlobals) = postSolution
		SolutionGuid = {1FA8D58D-8608-42D3-8896-CD0EF2C91AC7}
	EndGlobalSection
EndGlobal
